{
    "name": "@chisel-ui/stack",
    "version": "0.1.0",
    "lockfileVersion": 2,
    "requires": true,
    "packages": {
        "": {
            "name": "@chisel-ui/stack",
            "version": "0.1.0",
            "license": "MIT",
            "devDependencies": {
                "@chisel-ui/core": "^0.1.1"
            }
        },
        "../core": {
            "name": "@chisel-ui/core",
            "version": "0.1.1",
            "extraneous": true,
            "license": "MIT",
            "devDependencies": {
                "husky": "^7.0.4",
                "lint-staged": "^12.3.7",
                "prettier": "^2.6.0"
            }
        },
        "node_modules/@chisel-ui/core": {
            "version": "0.1.1",
            "resolved": "https://registry.npmjs.org/@chisel-ui/core/-/core-0.1.1.tgz",
            "integrity": "sha512-fOwwSv2AiAx10FZLY8zjOv94mCI89mRi0Ux+jBipwKkZnDzGKtCxpYiEdY253JiwQoSHJG2MC2FVvBfK/PiC1A==",
            "dev": true
        }
    },
    "dependencies": {
        "@chisel-ui/core": {
            "version": "0.1.1",
            "resolved": "https://registry.npmjs.org/@chisel-ui/core/-/core-0.1.1.tgz",
            "integrity": "sha512-fOwwSv2AiAx10FZLY8zjOv94mCI89mRi0Ux+jBipwKkZnDzGKtCxpYiEdY253JiwQoSHJG2MC2FVvBfK/PiC1A==",
            "dev": true
        }
    }
}
